// !$*UTF8*$!
{
	archiveVersion = 1;
	classes = {
	};
	objectVersion = 46;
	objects = {

/* Begin PBXBuildFile section */
		470CD98D1CF3124C00012C75 /* RestaurantDetailViewController.swift in Sources */ = {isa = PBXBuildFile; fileRef = 470CD98C1CF3124C00012C75 /* RestaurantDetailViewController.swift */; };
		470CD98F1CF3232500012C75 /* Restaurant.swift in Sources */ = {isa = PBXBuildFile; fileRef = 470CD98E1CF3232500012C75 /* Restaurant.swift */; };
		4771C91E1CF06B4C00BB70C0 /* RestaurantTableViewController.swift in Sources */ = {isa = PBXBuildFile; fileRef = 4771C91D1CF06B4C00BB70C0 /* RestaurantTableViewController.swift */; };
		4771C9201CF0742500BB70C0 /* RestaurantTableViewCell.swift in Sources */ = {isa = PBXBuildFile; fileRef = 4771C91F1CF0742500BB70C0 /* RestaurantTableViewCell.swift */; };
		477EC2F81CEF6B6A00311A77 /* AppDelegate.swift in Sources */ = {isa = PBXBuildFile; fileRef = 477EC2F71CEF6B6A00311A77 /* AppDelegate.swift */; };
		477EC2FD1CEF6B6A00311A77 /* Main.storyboard in Resources */ = {isa = PBXBuildFile; fileRef = 477EC2FB1CEF6B6A00311A77 /* Main.storyboard */; };
		477EC2FF1CEF6B6A00311A77 /* Assets.xcassets in Resources */ = {isa = PBXBuildFile; fileRef = 477EC2FE1CEF6B6A00311A77 /* Assets.xcassets */; };
		477EC3021CEF6B6A00311A77 /* LaunchScreen.storyboard in Resources */ = {isa = PBXBuildFile; fileRef = 477EC3001CEF6B6A00311A77 /* LaunchScreen.storyboard */; };
		4789156B1CF426E500A70FF1 /* RestaurantDetailTableViewCell.swift in Sources */ = {isa = PBXBuildFile; fileRef = 4789156A1CF426E500A70FF1 /* RestaurantDetailTableViewCell.swift */; };
		478FE9FE1CF5D2CB00C4D1EE /* ReviewViewController.swift in Sources */ = {isa = PBXBuildFile; fileRef = 478FE9FD1CF5D2CB00C4D1EE /* ReviewViewController.swift */; };
		479B82D61CF705F300A9803C /* MapKit.framework in Frameworks */ = {isa = PBXBuildFile; fileRef = 479B82D51CF705F300A9803C /* MapKit.framework */; };
		479B82D81CF7112B00A9803C /* MapViewController.swift in Sources */ = {isa = PBXBuildFile; fileRef = 479B82D71CF7112B00A9803C /* MapViewController.swift */; };
/* End PBXBuildFile section */

/* Begin PBXFileReference section */
		470CD98C1CF3124C00012C75 /* RestaurantDetailViewController.swift */ = {isa = PBXFileReference; fileEncoding = 4; lastKnownFileType = sourcecode.swift; path = RestaurantDetailViewController.swift; sourceTree = "<group>"; };
		470CD98E1CF3232500012C75 /* Restaurant.swift */ = {isa = PBXFileReference; fileEncoding = 4; lastKnownFileType = sourcecode.swift; path = Restaurant.swift; sourceTree = "<group>"; };
		4771C91D1CF06B4C00BB70C0 /* RestaurantTableViewController.swift */ = {isa = PBXFileReference; fileEncoding = 4; lastKnownFileType = sourcecode.swift; path = RestaurantTableViewController.swift; sourceTree = "<group>"; };
		4771C91F1CF0742500BB70C0 /* RestaurantTableViewCell.swift */ = {isa = PBXFileReference; fileEncoding = 4; lastKnownFileType = sourcecode.swift; path = RestaurantTableViewCell.swift; sourceTree = "<group>"; };
		477EC2F41CEF6B6A00311A77 /* SimpleTable.app */ = {isa = PBXFileReference; explicitFileType = wrapper.application; includeInIndex = 0; path = SimpleTable.app; sourceTree = BUILT_PRODUCTS_DIR; };
		477EC2F71CEF6B6A00311A77 /* AppDelegate.swift */ = {isa = PBXFileReference; lastKnownFileType = sourcecode.swift; path = AppDelegate.swift; sourceTree = "<group>"; };
		477EC2FC1CEF6B6A00311A77 /* Base */ = {isa = PBXFileReference; lastKnownFileType = file.storyboard; name = Base; path = Base.lproj/Main.storyboard; sourceTree = "<group>"; };
		477EC2FE1CEF6B6A00311A77 /* Assets.xcassets */ = {isa = PBXFileReference; lastKnownFileType = folder.assetcatalog; path = Assets.xcassets; sourceTree = "<group>"; };
		477EC3011CEF6B6A00311A77 /* Base */ = {isa = PBXFileReference; lastKnownFileType = file.storyboard; name = Base; path = Base.lproj/LaunchScreen.storyboard; sourceTree = "<group>"; };
		477EC3031CEF6B6A00311A77 /* Info.plist */ = {isa = PBXFileReference; lastKnownFileType = text.plist.xml; path = Info.plist; sourceTree = "<group>"; };
		4789156A1CF426E500A70FF1 /* RestaurantDetailTableViewCell.swift */ = {isa = PBXFileReference; fileEncoding = 4; lastKnownFileType = sourcecode.swift; path = RestaurantDetailTableViewCell.swift; sourceTree = "<group>"; };
		478FE9FD1CF5D2CB00C4D1EE /* ReviewViewController.swift */ = {isa = PBXFileReference; fileEncoding = 4; lastKnownFileType = sourcecode.swift; path = ReviewViewController.swift; sourceTree = "<group>"; };
		479B82D51CF705F300A9803C /* MapKit.framework */ = {isa = PBXFileReference; lastKnownFileType = wrapper.framework; name = MapKit.framework; path = System/Library/Frameworks/MapKit.framework; sourceTree = SDKROOT; };
		479B82D71CF7112B00A9803C /* MapViewController.swift */ = {isa = PBXFileReference; fileEncoding = 4; lastKnownFileType = sourcecode.swift; path = MapViewController.swift; sourceTree = "<group>"; };
/* End PBXFileReference section */

/* Begin PBXFrameworksBuildPhase section */
		477EC2F11CEF6B6A00311A77 /* Frameworks */ = {
			isa = PBXFrameworksBuildPhase;
			buildActionMask = 2147483647;
			files = (
				479B82D61CF705F300A9803C /* MapKit.framework in Frameworks */,
			);
			runOnlyForDeploymentPostprocessing = 0;
		};
/* End PBXFrameworksBuildPhase section */

/* Begin PBXGroup section */
		477EC2EB1CEF6B6A00311A77 = {
			isa = PBXGroup;
			children = (
				479B82D51CF705F300A9803C /* MapKit.framework */,
				477EC2F61CEF6B6A00311A77 /* SimpleTable */,
				477EC2F51CEF6B6A00311A77 /* Products */,
			);
			sourceTree = "<group>";
		};
		477EC2F51CEF6B6A00311A77 /* Products */ = {
			isa = PBXGroup;
			children = (
				477EC2F41CEF6B6A00311A77 /* SimpleTable.app */,
			);
			name = Products;
			sourceTree = "<group>";
		};
		477EC2F61CEF6B6A00311A77 /* SimpleTable */ = {
			isa = PBXGroup;
			children = (
				477EC2F71CEF6B6A00311A77 /* AppDelegate.swift */,
				477EC2FB1CEF6B6A00311A77 /* Main.storyboard */,
				479B82D71CF7112B00A9803C /* MapViewController.swift */,
				478FE9FD1CF5D2CB00C4D1EE /* ReviewViewController.swift */,
				47D925E31CF43DD200772FD6 /* TableViewScene */,
				47D925E21CF43DBA00772FD6 /* DetailViewScene */,
				470CD98E1CF3232500012C75 /* Restaurant.swift */,
				477EC2FE1CEF6B6A00311A77 /* Assets.xcassets */,
				477EC3001CEF6B6A00311A77 /* LaunchScreen.storyboard */,
				477EC3031CEF6B6A00311A77 /* Info.plist */,
			);
			path = SimpleTable;
			sourceTree = "<group>";
		};
		47D925E21CF43DBA00772FD6 /* DetailViewScene */ = {
			isa = PBXGroup;
			children = (
				4789156A1CF426E500A70FF1 /* RestaurantDetailTableViewCell.swift */,
				470CD98C1CF3124C00012C75 /* RestaurantDetailViewController.swift */,
			);
			name = DetailViewScene;
			sourceTree = "<group>";
		};
		47D925E31CF43DD200772FD6 /* TableViewScene */ = {
			isa = PBXGroup;
			children = (
				4771C91F1CF0742500BB70C0 /* RestaurantTableViewCell.swift */,
				4771C91D1CF06B4C00BB70C0 /* RestaurantTableViewController.swift */,
			);
			name = TableViewScene;
			sourceTree = "<group>";
		};
/* End PBXGroup section */

/* Begin PBXNativeTarget section */
		477EC2F31CEF6B6A00311A77 /* SimpleTable */ = {
			isa = PBXNativeTarget;
			buildConfigurationList = 477EC3061CEF6B6A00311A77 /* Build configuration list for PBXNativeTarget "SimpleTable" */;
			buildPhases = (
				477EC2F01CEF6B6A00311A77 /* Sources */,
				477EC2F11CEF6B6A00311A77 /* Frameworks */,
				477EC2F21CEF6B6A00311A77 /* Resources */,
			);
			buildRules = (
			);
			dependencies = (
			);
			name = SimpleTable;
			productName = SimpleTable;
			productReference = 477EC2F41CEF6B6A00311A77 /* SimpleTable.app */;
			productType = "com.apple.product-type.application";
		};
/* End PBXNativeTarget section */

/* Begin PBXProject section */
		477EC2EC1CEF6B6A00311A77 /* Project object */ = {
			isa = PBXProject;
			attributes = {
				LastSwiftUpdateCheck = 0710;
				LastUpgradeCheck = 0710;
				ORGANIZATIONNAME = "石韬";
				TargetAttributes = {
					477EC2F31CEF6B6A00311A77 = {
						CreatedOnToolsVersion = 7.1.1;
						DevelopmentTeam = JTMB8M6R9G;
						SystemCapabilities = {
							com.apple.Maps.iOS = {
								enabled = 1;
							};
						};
					};
				};
			};
			buildConfigurationList = 477EC2EF1CEF6B6A00311A77 /* Build configuration list for PBXProject "SimpleTable" */;
			compatibilityVersion = "Xcode 3.2";
			developmentRegion = English;
			hasScannedForEncodings = 0;
			knownRegions = (
				en,
				Base,
			);
			mainGroup = 477EC2EB1CEF6B6A00311A77;
			productRefGroup = 477EC2F51CEF6B6A00311A77 /* Products */;
			projectDirPath = "";
			projectRoot = "";
			targets = (
				477EC2F31CEF6B6A00311A77 /* SimpleTable */,
			);
		};
/* End PBXProject section */

/* Begin PBXResourcesBuildPhase section */
		477EC2F21CEF6B6A00311A77 /* Resources */ = {
			isa = PBXResourcesBuildPhase;
			buildActionMask = 2147483647;
			files = (
				477EC3021CEF6B6A00311A77 /* LaunchScreen.storyboard in Resources */,
				477EC2FF1CEF6B6A00311A77 /* Assets.xcassets in Resources */,
				477EC2FD1CEF6B6A00311A77 /* Main.storyboard in Resources */,
			);
			runOnlyForDeploymentPostprocessing = 0;
		};
/* End PBXResourcesBuildPhase section */

/* Begin PBXSourcesBuildPhase section */
		477EC2F01CEF6B6A00311A77 /* Sources */ = {
			isa = PBXSourcesBuildPhase;
			buildActionMask = 2147483647;
			files = (
				470CD98F1CF3232500012C75 /* Restaurant.swift in Sources */,
				4771C91E1CF06B4C00BB70C0 /* RestaurantTableViewController.swift in Sources */,
				478FE9FE1CF5D2CB00C4D1EE /* ReviewViewController.swift in Sources */,
				4771C9201CF0742500BB70C0 /* RestaurantTableViewCell.swift in Sources */,
				4789156B1CF426E500A70FF1 /* RestaurantDetailTableViewCell.swift in Sources */,
				470CD98D1CF3124C00012C75 /* RestaurantDetailViewController.swift in Sources */,
				477EC2F81CEF6B6A00311A77 /* AppDelegate.swift in Sources */,
				479B82D81CF7112B00A9803C /* MapViewController.swift in Sources */,
			);
			runOnlyForDeploymentPostprocessing = 0;
		};
/* End PBXSourcesBuildPhase section */

/* Begin PBXVariantGroup section */
		477EC2FB1CEF6B6A00311A77 /* Main.storyboard */ = {
			isa = PBXVariantGroup;
			children = (
				477EC2FC1CEF6B6A00311A77 /* Base */,
			);
			name = Main.storyboard;
			sourceTree = "<group>";
		};
		477EC3001CEF6B6A00311A77 /* LaunchScreen.storyboard */ = {
			isa = PBXVariantGroup;
			children = (
				477EC3011CEF6B6A00311A77 /* Base */,
			);
			name = LaunchScreen.storyboard;
			sourceTree = "<group>";
		};
/* End PBXVariantGroup section */

/* Begin XCBuildConfiguration section */
		477EC3041CEF6B6A00311A77 /* Debug */ = {
			isa = XCBuildConfiguration;
			buildSettings = {
				ALWAYS_SEARCH_USER_PATHS = NO;
				CLANG_CXX_LANGUAGE_STANDARD = "gnu++0x";
				CLANG_CXX_LIBRARY = "libc++";
				CLANG_ENABLE_MODULES = YES;
				CLANG_ENABLE_OBJC_ARC = YES;
				CLANG_WARN_BOOL_CONVERSION = YES;
				CLANG_WARN_CONSTANT_CONVERSION = YES;
				CLANG_WARN_DIRECT_OBJC_ISA_USAGE = YES_ERROR;
				CLANG_WARN_EMPTY_BODY = YES;
				CLANG_WARN_ENUM_CONVERSION = YES;
				CLANG_WARN_INT_CONVERSION = YES;
				CLANG_WARN_OBJC_ROOT_CLASS = YES_ERROR;
				CLANG_WARN_UNREACHABLE_CODE = YES;
				CLANG_WARN__DUPLICATE_METHOD_MATCH = YES;
				"CODE_SIGN_IDENTITY[sdk=iphoneos*]" = "iPhone Developer";
				COPY_PHASE_STRIP = NO;
				DEBUG_INFORMATION_FORMAT = dwarf;
				ENABLE_STRICT_OBJC_MSGSEND = YES;
				ENABLE_TESTABILITY = YES;
				GCC_C_LANGUAGE_STANDARD = gnu99;
				GCC_DYNAMIC_NO_PIC = NO;
				GCC_NO_COMMON_BLOCKS = YES;
				GCC_OPTIMIZATION_LEVEL = 0;
				GCC_PREPROCESSOR_DEFINITIONS = (
					"DEBUG=1",
					"$(inherited)",
				);
				GCC_WARN_64_TO_32_BIT_CONVERSION = YES;
				GCC_WARN_ABOUT_RETURN_TYPE = YES_ERROR;
				GCC_WARN_UNDECLARED_SELECTOR = YES;
				GCC_WARN_UNINITIALIZED_AUTOS = YES_AGGRESSIVE;
				GCC_WARN_UNUSED_FUNCTION = YES;
				GCC_WARN_UNUSED_VARIABLE = YES;
				IPHONEOS_DEPLOYMENT_TARGET = 9.1;
				MTL_ENABLE_DEBUG_INFO = YES;
				ONLY_ACTIVE_ARCH = YES;
				SDKROOT = iphoneos;
				SWIFT_OPTIMIZATION_LEVEL = "-Onone";
			};
			name = Debug;
		};
		477EC3051CEF6B6A00311A77 /* Release */ = {
			isa = XCBuildConfiguration;
			buildSettings = {
				ALWAYS_SEARCH_USER_PATHS = NO;
				CLANG_CXX_LANGUAGE_STANDARD = "gnu++0x";
				CLANG_CXX_LIBRARY = "libc++";
				CLANG_ENABLE_MODULES = YES;
				CLANG_ENABLE_OBJC_ARC = YES;
				CLANG_WARN_BOOL_CONVERSION = YES;
				CLANG_WARN_CONSTANT_CONVERSION = YES;
				CLANG_WARN_DIRECT_OBJC_ISA_USAGE = YES_ERROR;
				CLANG_WARN_EMPTY_BODY = YES;
				CLANG_WARN_ENUM_CONVERSION = YES;
				CLANG_WARN_INT_CONVERSION = YES;
				CLANG_WARN_OBJC_ROOT_CLASS = YES_ERROR;
				CLANG_WARN_UNREACHABLE_CODE = YES;
				CLANG_WARN__DUPLICATE_METHOD_MATCH = YES;
				"CODE_SIGN_IDENTITY[sdk=iphoneos*]" = "iPhone Developer";
				COPY_PHASE_STRIP = NO;
				DEBUG_INFORMATION_FORMAT = "dwarf-with-dsym";
				ENABLE_NS_ASSERTIONS = NO;
				ENABLE_STRICT_OBJC_MSGSEND = YES;
				GCC_C_LANGUAGE_STANDARD = gnu99;
				GCC_NO_COMMON_BLOCKS = YES;
				GCC_WARN_64_TO_32_BIT_CONVERSION = YES;
				GCC_WARN_ABOUT_RETURN_TYPE = YES_ERROR;
				GCC_WARN_UNDECLARED_SELECTOR = YES;
				GCC_WARN_UNINITIALIZED_AUTOS = YES_AGGRESSIVE;
				GCC_WARN_UNUSED_FUNCTION = YES;
				GCC_WARN_UNUSED_VARIABLE = YES;
				IPHONEOS_DEPLOYMENT_TARGET = 9.1;
				MTL_ENABLE_DEBUG_INFO = NO;
				SDKROOT = iphoneos;
				VALIDATE_PRODUCT = YES;
			};
			name = Release;
		};
		477EC3071CEF6B6A00311A77 /* Debug */ = {
			isa = XCBuildConfiguration;
			buildSettings = {
				ASSETCATALOG_COMPILER_APPICON_NAME = AppIcon;
				INFOPLIST_FILE = SimpleTable/Info.plist;
				LD_RUNPATH_SEARCH_PATHS = "$(inherited) @executable_path/Frameworks";
				PRODUCT_BUNDLE_IDENTIFIER = "com.469519413-qq.SimpleTable";
				PRODUCT_NAME = "$(TARGET_NAME)";
			};
			name = Debug;
		};
		477EC3081CEF6B6A00311A77 /* Release */ = {
			isa = XCBuildConfiguration;
			buildSettings = {
				ASSETCATALOG_COMPILER_APPICON_NAME = AppIcon;
				INFOPLIST_FILE = SimpleTable/Info.plist;
				LD_RUNPATH_SEARCH_PATHS = "$(inherited) @executable_path/Frameworks";
				PRODUCT_BUNDLE_IDENTIFIER = "com.469519413-qq.SimpleTable";
				PRODUCT_NAME = "$(TARGET_NAME)";
			};
			name = Release;
		};
/* End XCBuildConfiguration section */

/* Begin XCConfigurationList section */
		477EC2EF1CEF6B6A00311A77 /* Build configuration list for PBXProject "SimpleTable" */ = {
			isa = XCConfigurationList;
			buildConfigurations = (
				477EC3041CEF6B6A00311A77 /* Debug */,
				477EC3051CEF6B6A00311A77 /* Release */,
			);
			defaultConfigurationIsVisible = 0;
			defaultConfigurationName = Release;
		};
		477EC3061CEF6B6A00311A77 /* Build configuration list for PBXNativeTarget "SimpleTable" */ = {
			isa = XCConfigurationList;
			buildConfigurations = (
				477EC3071CEF6B6A00311A77 /* Debug */,
				477EC3081CEF6B6A00311A77 /* Release */,
			);
			defaultConfigurationIsVisible = 0;
			defaultConfigurationName = Release;
		};
/* End XCConfigurationList section */
	};
	rootObject = 477EC2EC1CEF6B6A00311A77 /* Project object */;
}
