// !$*UTF8*$!
{
	archiveVersion = 1;
	classes = {
	};
	objectVersion = 46;
	objects = {

/* Begin PBXBuildFile section */
		4795E19C1CFE5B8200FA4C70 /* AppDelegate.swift in Sources */ = {isa = PBXBuildFile; fileRef = 4795E19B1CFE5B8200FA4C70 /* AppDelegate.swift */; };
		4795E19E1CFE5B8200FA4C70 /* ViewController.swift in Sources */ = {isa = PBXBuildFile; fileRef = 4795E19D1CFE5B8200FA4C70 /* ViewController.swift */; };
		4795E1A11CFE5B8200FA4C70 /* Main.storyboard in Resources */ = {isa = PBXBuildFile; fileRef = 4795E19F1CFE5B8200FA4C70 /* Main.storyboard */; };
		4795E1A31CFE5B8200FA4C70 /* Assets.xcassets in Resources */ = {isa = PBXBuildFile; fileRef = 4795E1A21CFE5B8200FA4C70 /* Assets.xcassets */; };
		4795E1A61CFE5B8200FA4C70 /* LaunchScreen.storyboard in Resources */ = {isa = PBXBuildFile; fileRef = 4795E1A41CFE5B8200FA4C70 /* LaunchScreen.storyboard */; };
/* End PBXBuildFile section */

/* Begin PBXFileReference section */
		4795E1981CFE5B8100FA4C70 /* EasyBrowser.app */ = {isa = PBXFileReference; explicitFileType = wrapper.application; includeInIndex = 0; path = EasyBrowser.app; sourceTree = BUILT_PRODUCTS_DIR; };
		4795E19B1CFE5B8200FA4C70 /* AppDelegate.swift */ = {isa = PBXFileReference; lastKnownFileType = sourcecode.swift; path = AppDelegate.swift; sourceTree = "<group>"; };
		4795E19D1CFE5B8200FA4C70 /* ViewController.swift */ = {isa = PBXFileReference; lastKnownFileType = sourcecode.swift; path = ViewController.swift; sourceTree = "<group>"; };
		4795E1A01CFE5B8200FA4C70 /* Base */ = {isa = PBXFileReference; lastKnownFileType = file.storyboard; name = Base; path = Base.lproj/Main.storyboard; sourceTree = "<group>"; };
		4795E1A21CFE5B8200FA4C70 /* Assets.xcassets */ = {isa = PBXFileReference; lastKnownFileType = folder.assetcatalog; path = Assets.xcassets; sourceTree = "<group>"; };
		4795E1A51CFE5B8200FA4C70 /* Base */ = {isa = PBXFileReference; lastKnownFileType = file.storyboard; name = Base; path = Base.lproj/LaunchScreen.storyboard; sourceTree = "<group>"; };
		4795E1A71CFE5B8200FA4C70 /* Info.plist */ = {isa = PBXFileReference; lastKnownFileType = text.plist.xml; path = Info.plist; sourceTree = "<group>"; };
/* End PBXFileReference section */

/* Begin PBXFrameworksBuildPhase section */
		4795E1951CFE5B8100FA4C70 /* Frameworks */ = {
			isa = PBXFrameworksBuildPhase;
			buildActionMask = 2147483647;
			files = (
			);
			runOnlyForDeploymentPostprocessing = 0;
		};
/* End PBXFrameworksBuildPhase section */

/* Begin PBXGroup section */
		4795E18F1CFE5B8100FA4C70 = {
			isa = PBXGroup;
			children = (
				4795E19A1CFE5B8100FA4C70 /* EasyBrowser */,
				4795E1991CFE5B8100FA4C70 /* Products */,
			);
			sourceTree = "<group>";
		};
		4795E1991CFE5B8100FA4C70 /* Products */ = {
			isa = PBXGroup;
			children = (
				4795E1981CFE5B8100FA4C70 /* EasyBrowser.app */,
			);
			name = Products;
			sourceTree = "<group>";
		};
		4795E19A1CFE5B8100FA4C70 /* EasyBrowser */ = {
			isa = PBXGroup;
			children = (
				4795E19B1CFE5B8200FA4C70 /* AppDelegate.swift */,
				4795E19D1CFE5B8200FA4C70 /* ViewController.swift */,
				4795E19F1CFE5B8200FA4C70 /* Main.storyboard */,
				4795E1A21CFE5B8200FA4C70 /* Assets.xcassets */,
				4795E1A41CFE5B8200FA4C70 /* LaunchScreen.storyboard */,
				4795E1A71CFE5B8200FA4C70 /* Info.plist */,
			);
			path = EasyBrowser;
			sourceTree = "<group>";
		};
/* End PBXGroup section */

/* Begin PBXNativeTarget section */
		4795E1971CFE5B8100FA4C70 /* EasyBrowser */ = {
			isa = PBXNativeTarget;
			buildConfigurationList = 4795E1AA1CFE5B8200FA4C70 /* Build configuration list for PBXNativeTarget "EasyBrowser" */;
			buildPhases = (
				4795E1941CFE5B8100FA4C70 /* Sources */,
				4795E1951CFE5B8100FA4C70 /* Frameworks */,
				4795E1961CFE5B8100FA4C70 /* Resources */,
			);
			buildRules = (
			);
			dependencies = (
			);
			name = EasyBrowser;
			productName = EasyBrowser;
			productReference = 4795E1981CFE5B8100FA4C70 /* EasyBrowser.app */;
			productType = "com.apple.product-type.application";
		};
/* End PBXNativeTarget section */

/* Begin PBXProject section */
		4795E1901CFE5B8100FA4C70 /* Project object */ = {
			isa = PBXProject;
			attributes = {
				LastSwiftUpdateCheck = 0710;
				LastUpgradeCheck = 0710;
				ORGANIZATIONNAME = "石韬";
				TargetAttributes = {
					4795E1971CFE5B8100FA4C70 = {
						CreatedOnToolsVersion = 7.1.1;
						DevelopmentTeam = JTMB8M6R9G;
					};
				};
			};
			buildConfigurationList = 4795E1931CFE5B8100FA4C70 /* Build configuration list for PBXProject "EasyBrowser" */;
			compatibilityVersion = "Xcode 3.2";
			developmentRegion = English;
			hasScannedForEncodings = 0;
			knownRegions = (
				en,
				Base,
			);
			mainGroup = 4795E18F1CFE5B8100FA4C70;
			productRefGroup = 4795E1991CFE5B8100FA4C70 /* Products */;
			projectDirPath = "";
			projectRoot = "";
			targets = (
				4795E1971CFE5B8100FA4C70 /* EasyBrowser */,
			);
		};
/* End PBXProject section */

/* Begin PBXResourcesBuildPhase section */
		4795E1961CFE5B8100FA4C70 /* Resources */ = {
			isa = PBXResourcesBuildPhase;
			buildActionMask = 2147483647;
			files = (
				4795E1A61CFE5B8200FA4C70 /* LaunchScreen.storyboard in Resources */,
				4795E1A31CFE5B8200FA4C70 /* Assets.xcassets in Resources */,
				4795E1A11CFE5B8200FA4C70 /* Main.storyboard in Resources */,
			);
			runOnlyForDeploymentPostprocessing = 0;
		};
/* End PBXResourcesBuildPhase section */

/* Begin PBXSourcesBuildPhase section */
		4795E1941CFE5B8100FA4C70 /* Sources */ = {
			isa = PBXSourcesBuildPhase;
			buildActionMask = 2147483647;
			files = (
				4795E19E1CFE5B8200FA4C70 /* ViewController.swift in Sources */,
				4795E19C1CFE5B8200FA4C70 /* AppDelegate.swift in Sources */,
			);
			runOnlyForDeploymentPostprocessing = 0;
		};
/* End PBXSourcesBuildPhase section */

/* Begin PBXVariantGroup section */
		4795E19F1CFE5B8200FA4C70 /* Main.storyboard */ = {
			isa = PBXVariantGroup;
			children = (
				4795E1A01CFE5B8200FA4C70 /* Base */,
			);
			name = Main.storyboard;
			sourceTree = "<group>";
		};
		4795E1A41CFE5B8200FA4C70 /* LaunchScreen.storyboard */ = {
			isa = PBXVariantGroup;
			children = (
				4795E1A51CFE5B8200FA4C70 /* Base */,
			);
			name = LaunchScreen.storyboard;
			sourceTree = "<group>";
		};
/* End PBXVariantGroup section */

/* Begin XCBuildConfiguration section */
		4795E1A81CFE5B8200FA4C70 /* Debug */ = {
			isa = XCBuildConfiguration;
			buildSettings = {
				ALWAYS_SEARCH_USER_PATHS = NO;
				CLANG_CXX_LANGUAGE_STANDARD = "gnu++0x";
				CLANG_CXX_LIBRARY = "libc++";
				CLANG_ENABLE_MODULES = YES;
				CLANG_ENABLE_OBJC_ARC = YES;
				CLANG_WARN_BOOL_CONVERSION = YES;
				CLANG_WARN_CONSTANT_CONVERSION = YES;
				CLANG_WARN_DIRECT_OBJC_ISA_USAGE = YES_ERROR;
				CLANG_WARN_EMPTY_BODY = YES;
				CLANG_WARN_ENUM_CONVERSION = YES;
				CLANG_WARN_INT_CONVERSION = YES;
				CLANG_WARN_OBJC_ROOT_CLASS = YES_ERROR;
				CLANG_WARN_UNREACHABLE_CODE = YES;
				CLANG_WARN__DUPLICATE_METHOD_MATCH = YES;
				"CODE_SIGN_IDENTITY[sdk=iphoneos*]" = "iPhone Developer";
				COPY_PHASE_STRIP = NO;
				DEBUG_INFORMATION_FORMAT = dwarf;
				ENABLE_STRICT_OBJC_MSGSEND = YES;
				ENABLE_TESTABILITY = YES;
				GCC_C_LANGUAGE_STANDARD = gnu99;
				GCC_DYNAMIC_NO_PIC = NO;
				GCC_NO_COMMON_BLOCKS = YES;
				GCC_OPTIMIZATION_LEVEL = 0;
				GCC_PREPROCESSOR_DEFINITIONS = (
					"DEBUG=1",
					"$(inherited)",
				);
				GCC_WARN_64_TO_32_BIT_CONVERSION = YES;
				GCC_WARN_ABOUT_RETURN_TYPE = YES_ERROR;
				GCC_WARN_UNDECLARED_SELECTOR = YES;
				GCC_WARN_UNINITIALIZED_AUTOS = YES_AGGRESSIVE;
				GCC_WARN_UNUSED_FUNCTION = YES;
				GCC_WARN_UNUSED_VARIABLE = YES;
				IPHONEOS_DEPLOYMENT_TARGET = 9.1;
				MTL_ENABLE_DEBUG_INFO = YES;
				ONLY_ACTIVE_ARCH = YES;
				SDKROOT = iphoneos;
				SWIFT_OPTIMIZATION_LEVEL = "-Onone";
				TARGETED_DEVICE_FAMILY = "1,2";
			};
			name = Debug;
		};
		4795E1A91CFE5B8200FA4C70 /* Release */ = {
			isa = XCBuildConfiguration;
			buildSettings = {
				ALWAYS_SEARCH_USER_PATHS = NO;
				CLANG_CXX_LANGUAGE_STANDARD = "gnu++0x";
				CLANG_CXX_LIBRARY = "libc++";
				CLANG_ENABLE_MODULES = YES;
				CLANG_ENABLE_OBJC_ARC = YES;
				CLANG_WARN_BOOL_CONVERSION = YES;
				CLANG_WARN_CONSTANT_CONVERSION = YES;
				CLANG_WARN_DIRECT_OBJC_ISA_USAGE = YES_ERROR;
				CLANG_WARN_EMPTY_BODY = YES;
				CLANG_WARN_ENUM_CONVERSION = YES;
				CLANG_WARN_INT_CONVERSION = YES;
				CLANG_WARN_OBJC_ROOT_CLASS = YES_ERROR;
				CLANG_WARN_UNREACHABLE_CODE = YES;
				CLANG_WARN__DUPLICATE_METHOD_MATCH = YES;
				"CODE_SIGN_IDENTITY[sdk=iphoneos*]" = "iPhone Developer";
				COPY_PHASE_STRIP = NO;
				DEBUG_INFORMATION_FORMAT = "dwarf-with-dsym";
				ENABLE_NS_ASSERTIONS = NO;
				ENABLE_STRICT_OBJC_MSGSEND = YES;
				GCC_C_LANGUAGE_STANDARD = gnu99;
				GCC_NO_COMMON_BLOCKS = YES;
				GCC_WARN_64_TO_32_BIT_CONVERSION = YES;
				GCC_WARN_ABOUT_RETURN_TYPE = YES_ERROR;
				GCC_WARN_UNDECLARED_SELECTOR = YES;
				GCC_WARN_UNINITIALIZED_AUTOS = YES_AGGRESSIVE;
				GCC_WARN_UNUSED_FUNCTION = YES;
				GCC_WARN_UNUSED_VARIABLE = YES;
				IPHONEOS_DEPLOYMENT_TARGET = 9.1;
				MTL_ENABLE_DEBUG_INFO = NO;
				SDKROOT = iphoneos;
				TARGETED_DEVICE_FAMILY = "1,2";
				VALIDATE_PRODUCT = YES;
			};
			name = Release;
		};
		4795E1AB1CFE5B8200FA4C70 /* Debug */ = {
			isa = XCBuildConfiguration;
			buildSettings = {
				ASSETCATALOG_COMPILER_APPICON_NAME = AppIcon;
				INFOPLIST_FILE = EasyBrowser/Info.plist;
				LD_RUNPATH_SEARCH_PATHS = "$(inherited) @executable_path/Frameworks";
				PRODUCT_BUNDLE_IDENTIFIER = "com.469519413-qq.EasyBrowser";
				PRODUCT_NAME = "$(TARGET_NAME)";
			};
			name = Debug;
		};
		4795E1AC1CFE5B8200FA4C70 /* Release */ = {
			isa = XCBuildConfiguration;
			buildSettings = {
				ASSETCATALOG_COMPILER_APPICON_NAME = AppIcon;
				INFOPLIST_FILE = EasyBrowser/Info.plist;
				LD_RUNPATH_SEARCH_PATHS = "$(inherited) @executable_path/Frameworks";
				PRODUCT_BUNDLE_IDENTIFIER = "com.469519413-qq.EasyBrowser";
				PRODUCT_NAME = "$(TARGET_NAME)";
			};
			name = Release;
		};
/* End XCBuildConfiguration section */

/* Begin XCConfigurationList section */
		4795E1931CFE5B8100FA4C70 /* Build configuration list for PBXProject "EasyBrowser" */ = {
			isa = XCConfigurationList;
			buildConfigurations = (
				4795E1A81CFE5B8200FA4C70 /* Debug */,
				4795E1A91CFE5B8200FA4C70 /* Release */,
			);
			defaultConfigurationIsVisible = 0;
			defaultConfigurationName = Release;
		};
		4795E1AA1CFE5B8200FA4C70 /* Build configuration list for PBXNativeTarget "EasyBrowser" */ = {
			isa = XCConfigurationList;
			buildConfigurations = (
				4795E1AB1CFE5B8200FA4C70 /* Debug */,
				4795E1AC1CFE5B8200FA4C70 /* Release */,
			);
			defaultConfigurationIsVisible = 0;
		};
/* End XCConfigurationList section */
	};
	rootObject = 4795E1901CFE5B8100FA4C70 /* Project object */;
}
